
Microsoft Visual Studio Solution File, Format Version 12.00
# Visual Studio Version 16
VisualStudioVersion = 16.0.31605.320
MinimumVisualStudioVersion = 10.0.40219.1
Project("{8BC9CEB8-8B4A-11D0-8D11-00A0C91BC942}") = "SecA", "SecA\SecA.vcxproj", "{5EFCFA3C-341C-4051-83D7-1350CED5B267}"
EndProject
Project("{8BC9CEB8-8B4A-11D0-8D11-00A0C91BC942}") = "Testing", "Testing\Testing.vcxproj", "{98481458-9136-41A0-A5F6-35C469CF922F}"
EndProject
Project("{8BC9CEB8-8B4A-11D0-8D11-00A0C91BC942}") = "SecB", "SecB\SecB.vcxproj", "{092E6117-DCCC-4F87-AF08-4B36B04027C5}"
EndProject
Project("{8BC9CEB8-8B4A-11D0-8D11-00A0C91BC942}") = "SecD", "SecD\SecD.vcxproj", "{B3DA60FF-3DFB-4D1B-90F9-9262221009F4}"
EndProject
Project("{8BC9CEB8-8B4A-11D0-8D11-00A0C91BC942}") = "SecC", "SecC\SecC.vcxproj", "{0D9E0429-8603-42A8-B03D-75DEE4E0AF55}"
EndProject
Project("{8BC9CEB8-8B4A-11D0-8D11-00A0C91BC942}") = "SecC1", "SecC1\SecC1.vcxproj", "{D220E79E-B3DE-4F1D-BFE3-CBDBD019D8DB}"
EndProject
Project("{8BC9CEB8-8B4A-11D0-8D11-00A0C91BC942}") = "SecC6", "SecC6\SecC6.vcxproj", "{8FF9869A-4C38-46DC-ACD9-C718650D4CBC}"
EndProject
Project("{8BC9CEB8-8B4A-11D0-8D11-00A0C91BC942}") = "SecC2", "SecC2\SecC2.vcxproj", "{752F9BD1-906B-44D5-849E-3D5398BCAD78}"
EndProject
Project("{8BC9CEB8-8B4A-11D0-8D11-00A0C91BC942}") = "SecC3", "SecC3\SecC3.vcxproj", "{100CEA88-75D9-44AB-8B21-DEB324901C44}"
EndProject
Project("{8BC9CEB8-8B4A-11D0-8D11-00A0C91BC942}") = "SecC4", "SecC4\SecC4.vcxproj", "{857A893F-E281-46C8-9A51-03E5810BF7D5}"
EndProject
Project("{8BC9CEB8-8B4A-11D0-8D11-00A0C91BC942}") = "SecC5", "SecC5\SecC5.vcxproj", "{5D92858D-6331-4D49-9C22-7D53E4681BCC}"
EndProject
Global
	GlobalSection(SolutionConfigurationPlatforms) = preSolution
		Debug|x64 = Debug|x64
		Debug|x86 = Debug|x86
		Release|x64 = Release|x64
		Release|x86 = Release|x86
	EndGlobalSection
	GlobalSection(ProjectConfigurationPlatforms) = postSolution
		{5EFCFA3C-341C-4051-83D7-1350CED5B267}.Debug|x64.ActiveCfg = Debug|x64
		{5EFCFA3C-341C-4051-83D7-1350CED5B267}.Debug|x64.Build.0 = Debug|x64
		{5EFCFA3C-341C-4051-83D7-1350CED5B267}.Debug|x86.ActiveCfg = Debug|Win32
		{5EFCFA3C-341C-4051-83D7-1350CED5B267}.Debug|x86.Build.0 = Debug|Win32
		{5EFCFA3C-341C-4051-83D7-1350CED5B267}.Release|x64.ActiveCfg = Release|x64
		{5EFCFA3C-341C-4051-83D7-1350CED5B267}.Release|x64.Build.0 = Release|x64
		{5EFCFA3C-341C-4051-83D7-1350CED5B267}.Release|x86.ActiveCfg = Release|Win32
		{5EFCFA3C-341C-4051-83D7-1350CED5B267}.Release|x86.Build.0 = Release|Win32
		{98481458-9136-41A0-A5F6-35C469CF922F}.Debug|x64.ActiveCfg = Debug|x64
		{98481458-9136-41A0-A5F6-35C469CF922F}.Debug|x64.Build.0 = Debug|x64
		{98481458-9136-41A0-A5F6-35C469CF922F}.Debug|x86.ActiveCfg = Debug|Win32
		{98481458-9136-41A0-A5F6-35C469CF922F}.Debug|x86.Build.0 = Debug|Win32
		{98481458-9136-41A0-A5F6-35C469CF922F}.Release|x64.ActiveCfg = Release|x64
		{98481458-9136-41A0-A5F6-35C469CF922F}.Release|x64.Build.0 = Release|x64
		{98481458-9136-41A0-A5F6-35C469CF922F}.Release|x86.ActiveCfg = Release|Win32
		{98481458-9136-41A0-A5F6-35C469CF922F}.Release|x86.Build.0 = Release|Win32
		{092E6117-DCCC-4F87-AF08-4B36B04027C5}.Debug|x64.ActiveCfg = Debug|x64
		{092E6117-DCCC-4F87-AF08-4B36B04027C5}.Debug|x64.Build.0 = Debug|x64
		{092E6117-DCCC-4F87-AF08-4B36B04027C5}.Debug|x86.ActiveCfg = Debug|Win32
		{092E6117-DCCC-4F87-AF08-4B36B04027C5}.Debug|x86.Build.0 = Debug|Win32
		{092E6117-DCCC-4F87-AF08-4B36B04027C5}.Release|x64.ActiveCfg = Release|x64
		{092E6117-DCCC-4F87-AF08-4B36B04027C5}.Release|x64.Build.0 = Release|x64
		{092E6117-DCCC-4F87-AF08-4B36B04027C5}.Release|x86.ActiveCfg = Release|Win32
		{092E6117-DCCC-4F87-AF08-4B36B04027C5}.Release|x86.Build.0 = Release|Win32
		{B3DA60FF-3DFB-4D1B-90F9-9262221009F4}.Debug|x64.ActiveCfg = Debug|x64
		{B3DA60FF-3DFB-4D1B-90F9-9262221009F4}.Debug|x64.Build.0 = Debug|x64
		{B3DA60FF-3DFB-4D1B-90F9-9262221009F4}.Debug|x86.ActiveCfg = Debug|Win32
		{B3DA60FF-3DFB-4D1B-90F9-9262221009F4}.Debug|x86.Build.0 = Debug|Win32
		{B3DA60FF-3DFB-4D1B-90F9-9262221009F4}.Release|x64.ActiveCfg = Release|x64
		{B3DA60FF-3DFB-4D1B-90F9-9262221009F4}.Release|x64.Build.0 = Release|x64
		{B3DA60FF-3DFB-4D1B-90F9-9262221009F4}.Release|x86.ActiveCfg = Release|Win32
		{B3DA60FF-3DFB-4D1B-90F9-9262221009F4}.Release|x86.Build.0 = Release|Win32
		{0D9E0429-8603-42A8-B03D-75DEE4E0AF55}.Debug|x64.ActiveCfg = Debug|x64
		{0D9E0429-8603-42A8-B03D-75DEE4E0AF55}.Debug|x64.Build.0 = Debug|x64
		{0D9E0429-8603-42A8-B03D-75DEE4E0AF55}.Debug|x86.ActiveCfg = Debug|Win32
		{0D9E0429-8603-42A8-B03D-75DEE4E0AF55}.Debug|x86.Build.0 = Debug|Win32
		{0D9E0429-8603-42A8-B03D-75DEE4E0AF55}.Release|x64.ActiveCfg = Release|x64
		{0D9E0429-8603-42A8-B03D-75DEE4E0AF55}.Release|x64.Build.0 = Release|x64
		{0D9E0429-8603-42A8-B03D-75DEE4E0AF55}.Release|x86.ActiveCfg = Release|Win32
		{0D9E0429-8603-42A8-B03D-75DEE4E0AF55}.Release|x86.Build.0 = Release|Win32
		{D220E79E-B3DE-4F1D-BFE3-CBDBD019D8DB}.Debug|x64.ActiveCfg = Debug|x64
		{D220E79E-B3DE-4F1D-BFE3-CBDBD019D8DB}.Debug|x64.Build.0 = Debug|x64
		{D220E79E-B3DE-4F1D-BFE3-CBDBD019D8DB}.Debug|x86.ActiveCfg = Debug|Win32
		{D220E79E-B3DE-4F1D-BFE3-CBDBD019D8DB}.Debug|x86.Build.0 = Debug|Win32
		{D220E79E-B3DE-4F1D-BFE3-CBDBD019D8DB}.Release|x64.ActiveCfg = Release|x64
		{D220E79E-B3DE-4F1D-BFE3-CBDBD019D8DB}.Release|x64.Build.0 = Release|x64
		{D220E79E-B3DE-4F1D-BFE3-CBDBD019D8DB}.Release|x86.ActiveCfg = Release|Win32
		{D220E79E-B3DE-4F1D-BFE3-CBDBD019D8DB}.Release|x86.Build.0 = Release|Win32
		{8FF9869A-4C38-46DC-ACD9-C718650D4CBC}.Debug|x64.ActiveCfg = Debug|x64
		{8FF9869A-4C38-46DC-ACD9-C718650D4CBC}.Debug|x64.Build.0 = Debug|x64
		{8FF9869A-4C38-46DC-ACD9-C718650D4CBC}.Debug|x86.ActiveCfg = Debug|Win32
		{8FF9869A-4C38-46DC-ACD9-C718650D4CBC}.Debug|x86.Build.0 = Debug|Win32
		{8FF9869A-4C38-46DC-ACD9-C718650D4CBC}.Release|x64.ActiveCfg = Release|x64
		{8FF9869A-4C38-46DC-ACD9-C718650D4CBC}.Release|x64.Build.0 = Release|x64
		{8FF9869A-4C38-46DC-ACD9-C718650D4CBC}.Release|x86.ActiveCfg = Release|Win32
		{8FF9869A-4C38-46DC-ACD9-C718650D4CBC}.Release|x86.Build.0 = Release|Win32
		{752F9BD1-906B-44D5-849E-3D5398BCAD78}.Debug|x64.ActiveCfg = Debug|x64
		{752F9BD1-906B-44D5-849E-3D5398BCAD78}.Debug|x64.Build.0 = Debug|x64
		{752F9BD1-906B-44D5-849E-3D5398BCAD78}.Debug|x86.ActiveCfg = Debug|Win32
		{752F9BD1-906B-44D5-849E-3D5398BCAD78}.Debug|x86.Build.0 = Debug|Win32
		{752F9BD1-906B-44D5-849E-3D5398BCAD78}.Release|x64.ActiveCfg = Release|x64
		{752F9BD1-906B-44D5-849E-3D5398BCAD78}.Release|x64.Build.0 = Release|x64
		{752F9BD1-906B-44D5-849E-3D5398BCAD78}.Release|x86.ActiveCfg = Release|Win32
		{752F9BD1-906B-44D5-849E-3D5398BCAD78}.Release|x86.Build.0 = Release|Win32
		{100CEA88-75D9-44AB-8B21-DEB324901C44}.Debug|x64.ActiveCfg = Debug|x64
		{100CEA88-75D9-44AB-8B21-DEB324901C44}.Debug|x64.Build.0 = Debug|x64
		{100CEA88-75D9-44AB-8B21-DEB324901C44}.Debug|x86.ActiveCfg = Debug|Win32
		{100CEA88-75D9-44AB-8B21-DEB324901C44}.Debug|x86.Build.0 = Debug|Win32
		{100CEA88-75D9-44AB-8B21-DEB324901C44}.Release|x64.ActiveCfg = Release|x64
		{100CEA88-75D9-44AB-8B21-DEB324901C44}.Release|x64.Build.0 = Release|x64
		{100CEA88-75D9-44AB-8B21-DEB324901C44}.Release|x86.ActiveCfg = Release|Win32
		{100CEA88-75D9-44AB-8B21-DEB324901C44}.Release|x86.Build.0 = Release|Win32
		{857A893F-E281-46C8-9A51-03E5810BF7D5}.Debug|x64.ActiveCfg = Debug|x64
		{857A893F-E281-46C8-9A51-03E5810BF7D5}.Debug|x64.Build.0 = Debug|x64
		{857A893F-E281-46C8-9A51-03E5810BF7D5}.Debug|x86.ActiveCfg = Debug|Win32
		{857A893F-E281-46C8-9A51-03E5810BF7D5}.Debug|x86.Build.0 = Debug|Win32
		{857A893F-E281-46C8-9A51-03E5810BF7D5}.Release|x64.ActiveCfg = Release|x64
		{857A893F-E281-46C8-9A51-03E5810BF7D5}.Release|x64.Build.0 = Release|x64
		{857A893F-E281-46C8-9A51-03E5810BF7D5}.Release|x86.ActiveCfg = Release|Win32
		{857A893F-E281-46C8-9A51-03E5810BF7D5}.Release|x86.Build.0 = Release|Win32
		{5D92858D-6331-4D49-9C22-7D53E4681BCC}.Debug|x64.ActiveCfg = Debug|x64
		{5D92858D-6331-4D49-9C22-7D53E4681BCC}.Debug|x64.Build.0 = Debug|x64
		{5D92858D-6331-4D49-9C22-7D53E4681BCC}.Debug|x86.ActiveCfg = Debug|Win32
		{5D92858D-6331-4D49-9C22-7D53E4681BCC}.Debug|x86.Build.0 = Debug|Win32
		{5D92858D-6331-4D49-9C22-7D53E4681BCC}.Release|x64.ActiveCfg = Release|x64
		{5D92858D-6331-4D49-9C22-7D53E4681BCC}.Release|x64.Build.0 = Release|x64
		{5D92858D-6331-4D49-9C22-7D53E4681BCC}.Release|x86.ActiveCfg = Release|Win32
		{5D92858D-6331-4D49-9C22-7D53E4681BCC}.Release|x86.Build.0 = Release|Win32
	EndGlobalSection
	GlobalSection(SolutionProperties) = preSolution
		HideSolutionNode = FALSE
	EndGlobalSection
	GlobalSection(ExtensibilityGlobals) = postSolution
		SolutionGuid = {6F1FA588-FF94-4D60-BE46-3023F0E920E8}
	EndGlobalSection
EndGlobal
